
Microsoft Visual Studio Solution File, Format Version 12.00
# Visual Studio 15
VisualStudioVersion = 15.0.27004.2009
MinimumVisualStudioVersion = 10.0.40219.1
Project("{FAE04EC0-301F-11D3-BF4B-00C04F79EFBC}") = "Codility", "Codility\Codility.csproj", "{A386C2E0-B4D2-41F8-9D29-932ACA41ABDC}"
EndProject
Project("{FAE04EC0-301F-11D3-BF4B-00C04F79EFBC}") = "CodilityTests", "CodilityTests\CodilityTests.csproj", "{8D5BD8DB-3070-4375-9947-D49D79429A34}"
EndProject
Global
	GlobalSection(SolutionConfigurationPlatforms) = preSolution
		Debug|Any CPU = Debug|Any CPU
		Release|Any CPU = Release|Any CPU
	EndGlobalSection
	GlobalSection(ProjectConfigurationPlatforms) = postSolution
		{A386C2E0-B4D2-41F8-9D29-932ACA41ABDC}.Debug|Any CPU.ActiveCfg = Debug|Any CPU
		{A386C2E0-B4D2-41F8-9D29-932ACA41ABDC}.Debug|Any CPU.Build.0 = Debug|Any CPU
		{A386C2E0-B4D2-41F8-9D29-932ACA41ABDC}.Release|Any CPU.ActiveCfg = Release|Any CPU
		{A386C2E0-B4D2-41F8-9D29-932ACA41ABDC}.Release|Any CPU.Build.0 = Release|Any CPU
		{8D5BD8DB-3070-4375-9947-D49D79429A34}.Debug|Any CPU.ActiveCfg = Debug|Any CPU
		{8D5BD8DB-3070-4375-9947-D49D79429A34}.Debug|Any CPU.Build.0 = Debug|Any CPU
		{8D5BD8DB-3070-4375-9947-D49D79429A34}.Release|Any CPU.ActiveCfg = Release|Any CPU
		{8D5BD8DB-3070-4375-9947-D49D79429A34}.Release|Any CPU.Build.0 = Release|Any CPU
	EndGlobalSection
	GlobalSection(SolutionProperties) = preSolution
		HideSolutionNode = FALSE
	EndGlobalSection
	GlobalSection(ExtensibilityGlobals) = postSolution
		SolutionGuid = {ABC0845C-34CC-4C16-8BF5-2F2F5EBC5420}
	EndGlobalSection
EndGlobal
